schema: '2.0'
stages:
  preprocess:
    cmd: python3 src/preprocess.py
    deps:
    - path: data/raw/data.csv
      hash: md5
      md5: 2f31a5a1d127cdc34711e01e34f92cf4
      size: 639
    - path: src/preprocess.py
      hash: md5
      md5: 79da4e3d4e5e435ae1bae382ba19a8c9
      size: 225
    outs:
    - path: data/processed/data.csv
      hash: md5
      md5: 2b9b141464b1568f3420c9573576362d
      size: 1003
